DEPENDENCIES
  chef_server_instance
    path: .
    metadata: true
  formatron_common
    git: https://github.com/formatron/common-cookbook.git
    revision: f1a0ad2d9419bfcf8bfd8eff5d5a2e5bc4ca91fc
  formatron_filebeat
    git: https://github.com/formatron/filebeat-cookbook.git
    revision: e55b690b98e22a9dc7e16096895d6fc7fcd7f860
  formatron_sensu
    git: https://github.com/formatron/sensu-cookbook.git
    revision: a73e0a9c1561491aa6dcfa11c9932b28f9ef7c1f

GRAPH
  apt (2.9.2)
  build-essential (2.2.4)
  chef_server_instance (0.1.7)
    formatron_common (>= 0.0.0)
  formatron_common (0.1.0)
    apt (>= 0.0.0)
    build-essential (>= 0.0.0)
    formatron_filebeat (>= 0.0.0)
    formatron_sensu (>= 0.0.0)
  formatron_filebeat (0.1.0)
  formatron_sensu (0.1.0)
    apt (>= 0.0.0)
