DEPENDENCIES
  chef_server_instance
    path: .
    metadata: true
  formatron_beats
    git: https://github.com/formatron/beats-cookbook.git
    revision: 5c25e099b3dda171cd8fbd68abe79568d83d4629
  formatron_common
    git: https://github.com/formatron/common-cookbook.git
    revision: 8810fb303b4f1a43c43e9fff2a863e7355cd275f
  formatron_elasticsearch
    git: https://github.com/formatron/elasticsearch-cookbook.git
    revision: 32e60e4406519bf0900eae60b8d61127e3344d61
  formatron_filebeat
    git: https://github.com/formatron/filebeat-cookbook.git
    revision: edaedff5de8c9e85c98b2c680563119c814f510e
  formatron_packetbeat
    git: https://github.com/formatron/packetbeat-cookbook.git
    revision: 17f55e9d4768738e11531feeb57cb011a06b348a
  formatron_sensu
    git: https://github.com/formatron/sensu-cookbook.git
    revision: 460a0e87e35ae99d4131809838c4c2ceaacbf961
  formatron_topbeat
    git: https://github.com/formatron/topbeat-cookbook.git
    revision: 3fe117e6ae8a57e3197b04a00d7bff5c6a217d01

GRAPH
  apt (2.9.2)
  build-essential (2.2.4)
  chef-client (4.3.2)
    cron (>= 1.2.0)
    logrotate (>= 1.2.0)
    windows (~> 1.37)
  chef_handler (1.2.0)
  chef_server_instance (0.1.1)
    formatron_common (>= 0.0.0)
  cron (1.7.0)
  formatron_beats (0.1.0)
    apt (>= 0.0.0)
    formatron_elasticsearch (>= 0.0.0)
  formatron_common (0.1.0)
    apt (>= 0.0.0)
    build-essential (>= 0.0.0)
    chef-client (>= 0.0.0)
    formatron_filebeat (>= 0.0.0)
    formatron_packetbeat (>= 0.0.0)
    formatron_sensu (>= 0.0.0)
    formatron_topbeat (>= 0.0.0)
  formatron_elasticsearch (0.1.0)
    apt (>= 0.0.0)
  formatron_filebeat (0.1.0)
    formatron_beats (>= 0.0.0)
  formatron_packetbeat (0.1.0)
    formatron_beats (>= 0.0.0)
  formatron_sensu (0.1.0)
    apt (>= 0.0.0)
  formatron_topbeat (0.1.0)
    formatron_beats (>= 0.0.0)
  logrotate (1.9.2)
  windows (1.38.4)
    chef_handler (>= 0.0.0)
