DEPENDENCIES
  chef_server_instance
    path: .
    metadata: true
  formatron_filebeat
    git: https://github.com/formatron/filebeat-cookbook.git
    revision: e55b690b98e22a9dc7e16096895d6fc7fcd7f860
  formatron_sensu
    git: https://github.com/formatron/sensu-cookbook.git
    revision: d232aa880b14ab1b0599708a0315f5ac0df096d9

GRAPH
  apt (2.9.2)
  chef_server_instance (0.1.3)
    formatron_filebeat (>= 0.0.0)
    formatron_sensu (>= 0.0.0)
  formatron_filebeat (0.1.0)
  formatron_sensu (0.1.0)
    apt (>= 0.0.0)
