DEPENDENCIES
  bastion_instance
    path: .
    metadata: true
  formatron_beats
    git: https://github.com/formatron/beats-cookbook.git
    revision: 56b004ee19d3237bee83a77671ad8fdd8569a9c9
  formatron_common
    git: https://github.com/formatron/common-cookbook.git
    revision: b9ddd3097763584dfd85d38f4275c3aff5669f28
  formatron_elasticsearch
    git: https://github.com/formatron/elasticsearch-cookbook.git
    revision: 32e60e4406519bf0900eae60b8d61127e3344d61
  formatron_filebeat
    git: https://github.com/formatron/filebeat-cookbook.git
    revision: 235391f85dd255717e467c7ae27b24db0d006cc6
  formatron_packetbeat
    git: https://github.com/formatron/packetbeat-cookbook.git
    revision: dd34e12e67d546f2f23d8a073914eb0bab7423df
  formatron_sensu
    git: https://github.com/formatron/sensu-cookbook.git
    revision: 460a0e87e35ae99d4131809838c4c2ceaacbf961
  formatron_topbeat
    git: https://github.com/formatron/topbeat-cookbook.git
    revision: 4c290b9542337f523a09adb47d223162f21b104a

GRAPH
  apt (2.9.2)
  bastion_instance (0.1.0)
    formatron_common (>= 0.0.0)
  build-essential (2.2.4)
  formatron_beats (0.1.0)
    apt (>= 0.0.0)
  formatron_common (0.1.0)
    apt (>= 0.0.0)
    build-essential (>= 0.0.0)
    formatron_filebeat (>= 0.0.0)
    formatron_packetbeat (>= 0.0.0)
    formatron_sensu (>= 0.0.0)
    formatron_topbeat (>= 0.0.0)
  formatron_elasticsearch (0.1.0)
    apt (>= 0.0.0)
  formatron_filebeat (0.1.0)
    formatron_beats (>= 0.0.0)
    formatron_elasticsearch (>= 0.0.0)
  formatron_packetbeat (0.1.0)
    formatron_beats (>= 0.0.0)
    formatron_elasticsearch (>= 0.0.0)
  formatron_sensu (0.1.0)
    apt (>= 0.0.0)
  formatron_topbeat (0.1.0)
    formatron_beats (>= 0.0.0)
    formatron_elasticsearch (>= 0.0.0)
